hash: 4c4bc0757150232b4473c5ac62d3c5b5e13c6e07ac2e580f901b95cdb6508498
updated: 2016-11-15T14:05:43.951339623-05:00
imports:
- name: github.com/ghodss/yaml
  version: bea76d6a4713e18b7f5321a2b020738552def3ea
- name: github.com/golang/glog
  version: 23def4e6c14b4da8ac2ed8007337bc5eb5007998
- name: github.com/golang/lint
  version: 206c0f020eba0f7fbcfbc467a5eb808037df2ed6
  subpackages:
  - golint
- name: github.com/inconshreveable/mousetrap
  version: 76626ae9c91c4f2a10f34cad8ce83ea42c93bb75
- name: github.com/spf13/cobra
  version: 6b74a60562f5c1c920299b8f02d153e16f4897fc
- name: github.com/spf13/pflag
  version: 5ccb023bc27df288a957c5e994cd44fd19619465
- name: gopkg.in/yaml.v2
  version: a5b47d31c556af34a302ce5d659e6fea44d90de0
devImports: []
