
Microsoft Visual Studio Solution File, Format Version 12.00
# Visual Studio Version 16
VisualStudioVersion = 16.0.29411.138
MinimumVisualStudioVersion = 15.0.26124.0
Project("{9A19103F-16F7-4668-BE54-9A1E7A4F7556}") = "Pulumi", "Pulumi\Pulumi.csproj", "{0A2BFED8-13F3-43A4-A38B-B5D1651203EB}"
EndProject
Project("{9A19103F-16F7-4668-BE54-9A1E7A4F7556}") = "Pulumi.Tests", "Pulumi.Tests\Pulumi.Tests.csproj", "{B732E03B-BA4D-4F4A-AE38-5833BC2DAC7C}"
EndProject
Project("{6EC3EE1D-3C4E-46DD-8F32-0CC8E7565705}") = "Pulumi.FSharp", "Pulumi.FSharp\Pulumi.FSharp.fsproj", "{F45E8B4A-DAF3-48E8-B9D6-01924AF2188D}"
EndProject
Project("{2150E333-8FDC-42A3-9474-1A3956D46DE8}") = "Solution Items", "Solution Items", "{D4626281-DB93-4BB3-B23C-02F47032E4FA}"
	ProjectSection(SolutionItems) = preProject
		.editorconfig = .editorconfig
		.gitignore = .gitignore
		README.md = README.md
	EndProjectSection
EndProject
Project("{FAE04EC0-301F-11D3-BF4B-00C04F79EFBC}") = "Pulumi.Automation", "Pulumi.Automation\Pulumi.Automation.csproj", "{74A15689-FB60-4760-99C8-FC0D89883F3D}"
EndProject
Project("{FAE04EC0-301F-11D3-BF4B-00C04F79EFBC}") = "Pulumi.Automation.Tests", "Pulumi.Automation.Tests\Pulumi.Automation.Tests.csproj", "{A1E69FAC-B6C2-4EA2-8A2D-397536CE35B2}"
EndProject
Global
	GlobalSection(SolutionConfigurationPlatforms) = preSolution
		Debug|Any CPU = Debug|Any CPU
		Debug|x64 = Debug|x64
		Debug|x86 = Debug|x86
		Release|Any CPU = Release|Any CPU
		Release|x64 = Release|x64
		Release|x86 = Release|x86
	EndGlobalSection
	GlobalSection(ProjectConfigurationPlatforms) = postSolution
		{0A2BFED8-13F3-43A4-A38B-B5D1651203EB}.Debug|Any CPU.ActiveCfg = Debug|Any CPU
		{0A2BFED8-13F3-43A4-A38B-B5D1651203EB}.Debug|Any CPU.Build.0 = Debug|Any CPU
		{0A2BFED8-13F3-43A4-A38B-B5D1651203EB}.Debug|x64.ActiveCfg = Debug|Any CPU
		{0A2BFED8-13F3-43A4-A38B-B5D1651203EB}.Debug|x64.Build.0 = Debug|Any CPU
		{0A2BFED8-13F3-43A4-A38B-B5D1651203EB}.Debug|x86.ActiveCfg = Debug|Any CPU
		{0A2BFED8-13F3-43A4-A38B-B5D1651203EB}.Debug|x86.Build.0 = Debug|Any CPU
		{0A2BFED8-13F3-43A4-A38B-B5D1651203EB}.Release|Any CPU.ActiveCfg = Release|Any CPU
		{0A2BFED8-13F3-43A4-A38B-B5D1651203EB}.Release|Any CPU.Build.0 = Release|Any CPU
		{0A2BFED8-13F3-43A4-A38B-B5D1651203EB}.Release|x64.ActiveCfg = Release|Any CPU
		{0A2BFED8-13F3-43A4-A38B-B5D1651203EB}.Release|x64.Build.0 = Release|Any CPU
		{0A2BFED8-13F3-43A4-A38B-B5D1651203EB}.Release|x86.ActiveCfg = Release|Any CPU
		{0A2BFED8-13F3-43A4-A38B-B5D1651203EB}.Release|x86.Build.0 = Release|Any CPU
		{B732E03B-BA4D-4F4A-AE38-5833BC2DAC7C}.Debug|Any CPU.ActiveCfg = Debug|Any CPU
		{B732E03B-BA4D-4F4A-AE38-5833BC2DAC7C}.Debug|Any CPU.Build.0 = Debug|Any CPU
		{B732E03B-BA4D-4F4A-AE38-5833BC2DAC7C}.Debug|x64.ActiveCfg = Debug|Any CPU
		{B732E03B-BA4D-4F4A-AE38-5833BC2DAC7C}.Debug|x64.Build.0 = Debug|Any CPU
		{B732E03B-BA4D-4F4A-AE38-5833BC2DAC7C}.Debug|x86.ActiveCfg = Debug|Any CPU
		{B732E03B-BA4D-4F4A-AE38-5833BC2DAC7C}.Debug|x86.Build.0 = Debug|Any CPU
		{B732E03B-BA4D-4F4A-AE38-5833BC2DAC7C}.Release|Any CPU.ActiveCfg = Release|Any CPU
		{B732E03B-BA4D-4F4A-AE38-5833BC2DAC7C}.Release|Any CPU.Build.0 = Release|Any CPU
		{B732E03B-BA4D-4F4A-AE38-5833BC2DAC7C}.Release|x64.ActiveCfg = Release|Any CPU
		{B732E03B-BA4D-4F4A-AE38-5833BC2DAC7C}.Release|x64.Build.0 = Release|Any CPU
		{B732E03B-BA4D-4F4A-AE38-5833BC2DAC7C}.Release|x86.ActiveCfg = Release|Any CPU
		{B732E03B-BA4D-4F4A-AE38-5833BC2DAC7C}.Release|x86.Build.0 = Release|Any CPU
		{F45E8B4A-DAF3-48E8-B9D6-01924AF2188D}.Debug|Any CPU.ActiveCfg = Debug|Any CPU
		{F45E8B4A-DAF3-48E8-B9D6-01924AF2188D}.Debug|Any CPU.Build.0 = Debug|Any CPU
		{F45E8B4A-DAF3-48E8-B9D6-01924AF2188D}.Debug|x64.ActiveCfg = Debug|Any CPU
		{F45E8B4A-DAF3-48E8-B9D6-01924AF2188D}.Debug|x64.Build.0 = Debug|Any CPU
		{F45E8B4A-DAF3-48E8-B9D6-01924AF2188D}.Debug|x86.ActiveCfg = Debug|Any CPU
		{F45E8B4A-DAF3-48E8-B9D6-01924AF2188D}.Debug|x86.Build.0 = Debug|Any CPU
		{F45E8B4A-DAF3-48E8-B9D6-01924AF2188D}.Release|Any CPU.ActiveCfg = Release|Any CPU
		{F45E8B4A-DAF3-48E8-B9D6-01924AF2188D}.Release|Any CPU.Build.0 = Release|Any CPU
		{F45E8B4A-DAF3-48E8-B9D6-01924AF2188D}.Release|x64.ActiveCfg = Release|Any CPU
		{F45E8B4A-DAF3-48E8-B9D6-01924AF2188D}.Release|x64.Build.0 = Release|Any CPU
		{F45E8B4A-DAF3-48E8-B9D6-01924AF2188D}.Release|x86.ActiveCfg = Release|Any CPU
		{F45E8B4A-DAF3-48E8-B9D6-01924AF2188D}.Release|x86.Build.0 = Release|Any CPU
		{74A15689-FB60-4760-99C8-FC0D89883F3D}.Debug|Any CPU.ActiveCfg = Debug|Any CPU
		{74A15689-FB60-4760-99C8-FC0D89883F3D}.Debug|Any CPU.Build.0 = Debug|Any CPU
		{74A15689-FB60-4760-99C8-FC0D89883F3D}.Debug|x64.ActiveCfg = Debug|Any CPU
		{74A15689-FB60-4760-99C8-FC0D89883F3D}.Debug|x64.Build.0 = Debug|Any CPU
		{74A15689-FB60-4760-99C8-FC0D89883F3D}.Debug|x86.ActiveCfg = Debug|Any CPU
		{74A15689-FB60-4760-99C8-FC0D89883F3D}.Debug|x86.Build.0 = Debug|Any CPU
		{74A15689-FB60-4760-99C8-FC0D89883F3D}.Release|Any CPU.ActiveCfg = Release|Any CPU
		{74A15689-FB60-4760-99C8-FC0D89883F3D}.Release|Any CPU.Build.0 = Release|Any CPU
		{74A15689-FB60-4760-99C8-FC0D89883F3D}.Release|x64.ActiveCfg = Release|Any CPU
		{74A15689-FB60-4760-99C8-FC0D89883F3D}.Release|x64.Build.0 = Release|Any CPU
		{74A15689-FB60-4760-99C8-FC0D89883F3D}.Release|x86.ActiveCfg = Release|Any CPU
		{74A15689-FB60-4760-99C8-FC0D89883F3D}.Release|x86.Build.0 = Release|Any CPU
		{A1E69FAC-B6C2-4EA2-8A2D-397536CE35B2}.Debug|Any CPU.ActiveCfg = Debug|Any CPU
		{A1E69FAC-B6C2-4EA2-8A2D-397536CE35B2}.Debug|Any CPU.Build.0 = Debug|Any CPU
		{A1E69FAC-B6C2-4EA2-8A2D-397536CE35B2}.Debug|x64.ActiveCfg = Debug|Any CPU
		{A1E69FAC-B6C2-4EA2-8A2D-397536CE35B2}.Debug|x64.Build.0 = Debug|Any CPU
		{A1E69FAC-B6C2-4EA2-8A2D-397536CE35B2}.Debug|x86.ActiveCfg = Debug|Any CPU
		{A1E69FAC-B6C2-4EA2-8A2D-397536CE35B2}.Debug|x86.Build.0 = Debug|Any CPU
		{A1E69FAC-B6C2-4EA2-8A2D-397536CE35B2}.Release|Any CPU.ActiveCfg = Release|Any CPU
		{A1E69FAC-B6C2-4EA2-8A2D-397536CE35B2}.Release|Any CPU.Build.0 = Release|Any CPU
		{A1E69FAC-B6C2-4EA2-8A2D-397536CE35B2}.Release|x64.ActiveCfg = Release|Any CPU
		{A1E69FAC-B6C2-4EA2-8A2D-397536CE35B2}.Release|x64.Build.0 = Release|Any CPU
		{A1E69FAC-B6C2-4EA2-8A2D-397536CE35B2}.Release|x86.ActiveCfg = Release|Any CPU
		{A1E69FAC-B6C2-4EA2-8A2D-397536CE35B2}.Release|x86.Build.0 = Release|Any CPU
	EndGlobalSection
	GlobalSection(SolutionProperties) = preSolution
		HideSolutionNode = FALSE
	EndGlobalSection
	GlobalSection(ExtensibilityGlobals) = postSolution
		SolutionGuid = {273EE841-009F-495B-A58A-681A8CC9DBAC}
	EndGlobalSection
EndGlobal
