{
    "_meta": {
        "hash": {
            "sha256": "77e790c89dcee1cbb8a37996cc6b5c21f51b49bdff58879c946b2098bae7d98e"
        },
        "pipfile-spec": 6,
        "requires": {},
        "sources": [
            {
                "name": "pypi",
                "url": "https://pypi.org/simple",
                "verify_ssl": true
            }
        ]
    },
    "default": {
        "dill": {
            "hashes": [
                "sha256:42d8ef819367516592a825746a18073ced42ca169ab1f5f4044134703e7a049c"
            ],
            "index": "pypi",
            "version": "==0.3.1.1"
        },
        "grpcio": {
            "hashes": [
                "sha256:066630f6b62bffa291dacbee56994279a6a3682b8a11967e9ccaf3cc770fc11e",
                "sha256:07e95762ca6b18afbeb3aa2793e827c841152d5e507089b1db0b18304edda105",
                "sha256:0a0fb2f8e3a13537106bc77e4c63005bc60124a6203034304d9101921afa4e90",
                "sha256:0c61b74dcfb302613926e785cb3542a0905b9a3a86e9410d8cf5d25e25e10104",
                "sha256:13383bd70618da03684a8aafbdd9e3d9a6720bf8c07b85d0bc697afed599d8f0",
                "sha256:1c6e0f6b9d091e3717e9a58d631c8bb4898be3b261c2a01fe46371fdc271052f",
                "sha256:1cf710c04689daa5cc1e598efba00b028215700dcc1bf66fcb7b4f64f2ea5d5f",
                "sha256:2da5cee9faf17bb8daf500cd0d28a17ae881ab5500f070a6aace457f4c08cac4",
                "sha256:2f78ebf340eaf28fa09aba0f836a8b869af1716078dfe8f3b3f6ff785d8f2b0f",
                "sha256:33a07a1a8e817d733588dbd18e567caad1a6fe0d440c165619866cd490c7911a",
                "sha256:3d090c66af9c065b7228b07c3416f93173e9839b1d40bb0ce3dd2aa783645026",
                "sha256:42b903a3596a10e2a3727bae2a76f8aefd324d498424b843cfa9606847faea7b",
                "sha256:4fffbb58134c4f23e5a8312ac3412db6f5e39e961dc0eb5e3115ce5aa16bf927",
                "sha256:57be5a6c509a406fe0ffa6f8b86904314c77b5e2791be8123368ad2ebccec874",
                "sha256:5b0fa09efb33e2af4e8822b4eb8b2cbc201d562e3e185c439be7eaeee2e8b8aa",
                "sha256:5ef42dfc18f9a63a06aca938770b69470bb322e4c137cf08cf21703d1ef4ae5c",
                "sha256:6a43d2f2ff8250f200fdf7aa31fa191a997922aa9ea1182453acd705ad83ab72",
                "sha256:6d8ab28559be98b02f8b3a154b53239df1aa5b0d28ff865ae5be4f30e7ed4d3f",
                "sha256:6e47866b7dc14ca3a12d40c1d6082e7bea964670f1c5315ea0fb8b0550244d64",
                "sha256:6edda1b96541187f73aab11800d25f18ee87e53d5f96bb74473873072bf28a0e",
                "sha256:7109c8738a8a3c98cfb5dda1c45642a8d6d35dc00d257ab7a175099b2b4daecd",
                "sha256:8d866aafb08657c456a18c4a31c8526ea62de42427c242b58210b9eae6c64559",
                "sha256:9939727d9ae01690b24a2b159ac9dbca7b7e8e6edd5af6a6eb709243cae7b52b",
                "sha256:99fd873699df17cb11c542553270ae2b32c169986e475df0d68a8629b8ef4df7",
                "sha256:b6fda5674f990e15e1bcaacf026428cf50bce36e708ddcbd1de9673b14aab760",
                "sha256:bdb2f3dcb664f0c39ef1312cd6acf6bc6375252e4420cf8f36fff4cb4fa55c71",
                "sha256:bfd7d3130683a1a0a50c456273c21ec8a604f2d043b241a55235a78a0090ee06",
                "sha256:c6c2db348ac73d73afe14e0833b18abbbe920969bf2c5c03c0922719f8020d06",
                "sha256:cb7a4b41b5e2611f85c3402ac364f1d689f5d7ecbc24a55ef010eedcd6cf460f",
                "sha256:cd3d3e328f20f7c807a862620c6ee748e8d57ba2a8fc960d48337ed71c6d9d32",
                "sha256:d1a481777952e4f99b8a6956581f3ee866d7614100d70ae6d7e07327570b85ce",
                "sha256:d1d49720ed636920bb3d74cedf549382caa9ad55aea89d1de99d817068d896b2",
                "sha256:d42433f0086cccd192114343473d7dbd4aae9141794f939e2b7b83efc57543db",
                "sha256:d44c34463a7c481e076f691d8fa25d080c3486978c2c41dca09a8dd75296c2d7",
                "sha256:d7e5b7af1350e9c8c17a7baf99d575fbd2de69f7f0b0e6ebd47b57506de6493a",
                "sha256:d9542366a0917b9b48bab1fee481ac01f56bdffc52437b598c09e7840148a6a9",
                "sha256:df7cdfb40179acc9790a462c049e0b8e109481164dd7ad1a388dd67ff1528759",
                "sha256:e1a9d9d2e7224d981aea8da79260c7f6932bf31ce1f99b7ccfa5eceeb30dc5d0",
                "sha256:ed10e5fad105ecb0b12822f924e62d0deb07f46683a0b64416b17fd143daba1d",
                "sha256:f0ec5371ce2363b03531ed522bfbe691ec940f51f0e111f0500fc0f44518c69d",
                "sha256:f6580a8a4f5e701289b45fd62a8f6cb5ec41e4d77082424f8b676806dcd22564",
                "sha256:f7b83e4b2842d44fce3cdc0d54db7a7e0d169a598751bf393601efaa401c83e0",
                "sha256:ffec45b0db18a555fdfe0c6fa2d0a3fceb751b22b31e8fcd14ceed7bde05481e"
            ],
            "index": "pypi",
            "version": "==1.26.0"
        },
        "protobuf": {
            "hashes": [
                "sha256:0329e86a397db2a83f9dcbe21d9be55a47f963cdabc893c3a24f4d3a8f117c37",
                "sha256:0a7219254afec0d488211f3d482d8ed57e80ae735394e584a98d8f30a8c88a36",
                "sha256:14d6ac53df9cb5bb87c4f91b677c1bc5cec9c0fd44327f367a3c9562de2877c4",
                "sha256:180fc364b42907a1d2afa183ccbeffafe659378c236b1ec3daca524950bb918d",
                "sha256:3d7a7d8d20b4e7a8f63f62de2d192cfd8b7a53c56caba7ece95367ca2b80c574",
                "sha256:3f509f7e50d806a434fe4a5fbf602516002a0f092889209fff7db82060efffc0",
                "sha256:4571da974019849201fc1ec6626b9cea54bd11b6bed140f8f737c0a33ea37de5",
                "sha256:56bd1d84fbf4505c7b73f04de987eef5682e5752c811141b0186a3809bfb396f",
                "sha256:680c668d00b5eff08b86aef9e5ba9a705e621ea05d39071cfea8e28cb2400946",
                "sha256:6b5b947dc8b3f2aec0eaad65b0b5113fcd642c358c31357c647da6281ee31104",
                "sha256:6e96dffaf4d0a9a329e528b353ba62fd9ef13599688723d96bc9c165d0b6871e",
                "sha256:919f0d6f6addc836d08658eba3b52be2e92fd3e76da3ce00c325d8e9826d17c7",
                "sha256:9c7b19c30cf0644afd0e4218b13f637ce54382fdcb1c8f75bf3e84e49a5f6d0a",
                "sha256:a2e6f57114933882ec701807f217df2fb4588d47f71f227c0a163446b930d507",
                "sha256:a6b970a2eccfcbabe1acf230fbf112face1c4700036c95e195f3554d7bcb04c1",
                "sha256:bc45641cbcdea068b67438244c926f9fd3e5cbdd824448a4a64370610df7c593",
                "sha256:d61b14a9090da77fe87e38ba4c6c43d3533dcbeb5d84f5474e7ac63c532dcc9c",
                "sha256:d6faf5dbefb593e127463f58076b62fcfe0784187be8fe1aa9167388f24a22a1"
            ],
            "index": "pypi",
            "version": "==3.11.2"
        },
        "six": {
            "hashes": [
                "sha256:1f1b7d42e254082a9db6279deae68afb421ceba6158efa6131de7b3003ee93fd",
                "sha256:30f610279e8b2578cab6db20741130331735c781b56053c59c4076da27f06b66"
            ],
            "index": "pypi",
            "version": "==1.13.0"
        }
    },
    "develop": {
        "astroid": {
            "hashes": [
                "sha256:71ea07f44df9568a75d0f354c49143a4575d90645e9fead6dfb52c26a85ed13a",
                "sha256:840947ebfa8b58f318d42301cf8c0a20fd794a33b61cc4638e28e9e61ba32f42"
            ],
            "version": "==2.3.3"
        },
        "isort": {
            "hashes": [
                "sha256:54da7e92468955c4fceacd0c86bd0ec997b0e1ee80d97f67c35a78b719dccab1",
                "sha256:6e811fcb295968434526407adb8796944f1988c5b65e8139058f2014cbe100fd"
            ],
            "version": "==4.3.21"
        },
        "lazy-object-proxy": {
            "hashes": [
                "sha256:0c4b206227a8097f05c4dbdd323c50edf81f15db3b8dc064d08c62d37e1a504d",
                "sha256:194d092e6f246b906e8f70884e620e459fc54db3259e60cf69a4d66c3fda3449",
                "sha256:1be7e4c9f96948003609aa6c974ae59830a6baecc5376c25c92d7d697e684c08",
                "sha256:4677f594e474c91da97f489fea5b7daa17b5517190899cf213697e48d3902f5a",
                "sha256:48dab84ebd4831077b150572aec802f303117c8cc5c871e182447281ebf3ac50",
                "sha256:5541cada25cd173702dbd99f8e22434105456314462326f06dba3e180f203dfd",
                "sha256:59f79fef100b09564bc2df42ea2d8d21a64fdcda64979c0fa3db7bdaabaf6239",
                "sha256:8d859b89baf8ef7f8bc6b00aa20316483d67f0b1cbf422f5b4dc56701c8f2ffb",
                "sha256:9254f4358b9b541e3441b007a0ea0764b9d056afdeafc1a5569eee1cc6c1b9ea",
                "sha256:9651375199045a358eb6741df3e02a651e0330be090b3bc79f6d0de31a80ec3e",
                "sha256:97bb5884f6f1cdce0099f86b907aa41c970c3c672ac8b9c8352789e103cf3156",
                "sha256:9b15f3f4c0f35727d3a0fba4b770b3c4ebbb1fa907dbcc046a1d2799f3edd142",
                "sha256:a2238e9d1bb71a56cd710611a1614d1194dc10a175c1e08d75e1a7bcc250d442",
                "sha256:a6ae12d08c0bf9909ce12385803a543bfe99b95fe01e752536a60af2b7797c62",
                "sha256:ca0a928a3ddbc5725be2dd1cf895ec0a254798915fb3a36af0964a0a4149e3db",
                "sha256:cb2c7c57005a6804ab66f106ceb8482da55f5314b7fcb06551db1edae4ad1531",
                "sha256:d74bb8693bf9cf75ac3b47a54d716bbb1a92648d5f781fc799347cfc95952383",
                "sha256:d945239a5639b3ff35b70a88c5f2f491913eb94871780ebfabb2568bd58afc5a",
                "sha256:eba7011090323c1dadf18b3b689845fd96a61ba0a1dfbd7f24b921398affc357",
                "sha256:efa1909120ce98bbb3777e8b6f92237f5d5c8ea6758efea36a473e1d38f7d3e4",
                "sha256:f3900e8a5de27447acbf900b4750b0ddfd7ec1ea7fbaf11dfa911141bc522af0"
            ],
            "version": "==1.4.3"
        },
        "mccabe": {
            "hashes": [
                "sha256:ab8a6258860da4b6677da4bd2fe5dc2c659cff31b3ee4f7f5d64e79735b80d42",
                "sha256:dd8d182285a0fe56bace7f45b5e7d1a6ebcbf524e8f3bd87eb0f125271b8831f"
            ],
            "version": "==0.6.1"
        },
        "mypy": {
            "hashes": [
                "sha256:0a9a45157e532da06fe56adcfef8a74629566b607fa2c1ac0122d1ff995c748a",
                "sha256:2c35cae79ceb20d47facfad51f952df16c2ae9f45db6cb38405a3da1cf8fc0a7",
                "sha256:4b9365ade157794cef9685791032521233729cb00ce76b0ddc78749abea463d2",
                "sha256:53ea810ae3f83f9c9b452582261ea859828a9ed666f2e1ca840300b69322c474",
                "sha256:634aef60b4ff0f650d3e59d4374626ca6153fcaff96ec075b215b568e6ee3cb0",
                "sha256:7e396ce53cacd5596ff6d191b47ab0ea18f8e0ec04e15d69728d530e86d4c217",
                "sha256:7eadc91af8270455e0d73565b8964da1642fe226665dd5c9560067cd64d56749",
                "sha256:7f672d02fffcbace4db2b05369142e0506cdcde20cea0e07c7c2171c4fd11dd6",
                "sha256:85baab8d74ec601e86134afe2bcccd87820f79d2f8d5798c889507d1088287bf",
                "sha256:87c556fb85d709dacd4b4cb6167eecc5bbb4f0a9864b69136a0d4640fdc76a36",
                "sha256:a6bd44efee4dc8c3324c13785a9dc3519b3ee3a92cada42d2b57762b7053b49b",
                "sha256:c6d27bd20c3ba60d5b02f20bd28e20091d6286a699174dfad515636cb09b5a72",
                "sha256:e2bb577d10d09a2d8822a042a23b8d62bc3b269667c9eb8e60a6edfa000211b1",
                "sha256:f97a605d7c8bc2c6d1172c2f0d5a65b24142e11a58de689046e62c2d632ca8c1"
            ],
            "index": "pypi",
            "version": "==0.761"
        },
        "mypy-extensions": {
            "hashes": [
                "sha256:090fedd75945a69ae91ce1303b5824f428daf5a028d2f6ab8a299250a846f15d",
                "sha256:2d82818f5bb3e369420cb3c4060a7970edba416647068eb4c5343488a6c604a8"
            ],
            "version": "==0.4.3"
        },
        "pylint": {
            "hashes": [
                "sha256:3db5468ad013380e987410a8d6956226963aed94ecb5f9d3a28acca6d9ac36cd",
                "sha256:886e6afc935ea2590b462664b161ca9a5e40168ea99e5300935f6591ad467df4"
            ],
            "index": "pypi",
            "version": "==2.4.4"
        },
        "six": {
            "hashes": [
                "sha256:1f1b7d42e254082a9db6279deae68afb421ceba6158efa6131de7b3003ee93fd",
                "sha256:30f610279e8b2578cab6db20741130331735c781b56053c59c4076da27f06b66"
            ],
            "index": "pypi",
            "version": "==1.13.0"
        },
        "typed-ast": {
            "hashes": [
                "sha256:0666aa36131496aed8f7be0410ff974562ab7eeac11ef351def9ea6fa28f6355",
                "sha256:0c2c07682d61a629b68433afb159376e24e5b2fd4641d35424e462169c0a7919",
                "sha256:249862707802d40f7f29f6e1aad8d84b5aa9e44552d2cc17384b209f091276aa",
                "sha256:24995c843eb0ad11a4527b026b4dde3da70e1f2d8806c99b7b4a7cf491612652",
                "sha256:269151951236b0f9a6f04015a9004084a5ab0d5f19b57de779f908621e7d8b75",
                "sha256:4083861b0aa07990b619bd7ddc365eb7fa4b817e99cf5f8d9cf21a42780f6e01",
                "sha256:498b0f36cc7054c1fead3d7fc59d2150f4d5c6c56ba7fb150c013fbc683a8d2d",
                "sha256:4e3e5da80ccbebfff202a67bf900d081906c358ccc3d5e3c8aea42fdfdfd51c1",
                "sha256:6daac9731f172c2a22ade6ed0c00197ee7cc1221aa84cfdf9c31defeb059a907",
                "sha256:715ff2f2df46121071622063fc7543d9b1fd19ebfc4f5c8895af64a77a8c852c",
                "sha256:73d785a950fc82dd2a25897d525d003f6378d1cb23ab305578394694202a58c3",
                "sha256:8c8aaad94455178e3187ab22c8b01a3837f8ee50e09cf31f1ba129eb293ec30b",
                "sha256:8ce678dbaf790dbdb3eba24056d5364fb45944f33553dd5869b7580cdbb83614",
                "sha256:aaee9905aee35ba5905cfb3c62f3e83b3bec7b39413f0a7f19be4e547ea01ebb",
                "sha256:bcd3b13b56ea479b3650b82cabd6b5343a625b0ced5429e4ccad28a8973f301b",
                "sha256:c9e348e02e4d2b4a8b2eedb48210430658df6951fa484e59de33ff773fbd4b41",
                "sha256:d205b1b46085271b4e15f670058ce182bd1199e56b317bf2ec004b6a44f911f6",
                "sha256:d43943ef777f9a1c42bf4e552ba23ac77a6351de620aa9acf64ad54933ad4d34",
                "sha256:d5d33e9e7af3b34a40dc05f498939f0ebf187f07c385fd58d591c533ad8562fe",
                "sha256:fc0fea399acb12edbf8a628ba8d2312f583bdbdb3335635db062fa98cf71fca4",
                "sha256:fe460b922ec15dd205595c9b5b99e2f056fd98ae8f9f56b888e7a17dc2b757e7"
            ],
            "markers": "implementation_name == 'cpython' and python_version < '3.8'",
            "version": "==1.4.1"
        },
        "typing-extensions": {
            "hashes": [
                "sha256:091ecc894d5e908ac75209f10d5b4f118fbdb2eb1ede6a63544054bb1edb41f2",
                "sha256:910f4656f54de5993ad9304959ce9bb903f90aadc7c67a0bef07e678014e892d",
                "sha256:cf8b63fedea4d89bab840ecbb93e75578af28f76f66c35889bd7065f5af88575"
            ],
            "version": "==3.7.4.1"
        },
        "wrapt": {
            "hashes": [
                "sha256:565a021fd19419476b9362b05eeaa094178de64f8361e44468f9e9d7843901e1"
            ],
            "version": "==1.11.2"
        }
    }
}
